
Microsoft Visual Studio Solution File, Format Version 12.00
# Visual Studio Version 17
VisualStudioVersion = 17.2.32519.379
MinimumVisualStudioVersion = 10.0.40219.1
Project("{8BC9CEB8-8B4A-11D0-8D11-00A0C91BC942}") = "planegame", "planegame.vcxproj", "{57712B28-ACE8-46EA-A63A-0E6F44C981BA}"
EndProject
Global
	GlobalSection(SolutionConfigurationPlatforms) = preSolution
		Debug|x64 = Debug|x64
		Debug|x86 = Debug|x86
		Release|x64 = Release|x64
		Release|x86 = Release|x86
	EndGlobalSection
	GlobalSection(ProjectConfigurationPlatforms) = postSolution
		{57712B28-ACE8-46EA-A63A-0E6F44C981BA}.Debug|x64.ActiveCfg = Debug|x64
		{57712B28-ACE8-46EA-A63A-0E6F44C981BA}.Debug|x64.Build.0 = Debug|x64
		{57712B28-ACE8-46EA-A63A-0E6F44C981BA}.Debug|x86.ActiveCfg = Debug|Win32
		{57712B28-ACE8-46EA-A63A-0E6F44C981BA}.Debug|x86.Build.0 = Debug|Win32
		{57712B28-ACE8-46EA-A63A-0E6F44C981BA}.Release|x64.ActiveCfg = Release|x64
		{57712B28-ACE8-46EA-A63A-0E6F44C981BA}.Release|x64.Build.0 = Release|x64
		{57712B28-ACE8-46EA-A63A-0E6F44C981BA}.Release|x86.ActiveCfg = Release|Win32
		{57712B28-ACE8-46EA-A63A-0E6F44C981BA}.Release|x86.Build.0 = Release|Win32
	EndGlobalSection
	GlobalSection(SolutionProperties) = preSolution
		HideSolutionNode = FALSE
	EndGlobalSection
	GlobalSection(ExtensibilityGlobals) = postSolution
		SolutionGuid = {E3E0BAF7-A5E8-4C77-88DB-EA07A9596FAC}
	EndGlobalSection
EndGlobal
